{
  "name": "retry-x",
  "version": "1.0.0",
  "lockfileVersion": 3,
  "requires": true,
  "packages": {
    "": {
      "name": "retry-x",
      "version": "1.0.0",
      "license": "MIT",
      "bin": {
        "retry-x": "dist/cli/index.js"
      },
      "engines": {
        "node": ">=14.0.0"
      }
    }
  }
}
